// !$*UTF8*$!
{
	archiveVersion = 1;
	classes = {
	};
	objectVersion = 55;
	objects = {

/* Begin PBXBuildFile section */
		E243FF0928AFD843008167D7 /* AppDelegate.swift in Sources */ = {isa = PBXBuildFile; fileRef = E243FF0828AFD843008167D7 /* AppDelegate.swift */; };
		E243FF0B28AFD843008167D7 /* SceneDelegate.swift in Sources */ = {isa = PBXBuildFile; fileRef = E243FF0A28AFD843008167D7 /* SceneDelegate.swift */; };
		E243FF1228AFD845008167D7 /* Assets.xcassets in Resources */ = {isa = PBXBuildFile; fileRef = E243FF1128AFD845008167D7 /* Assets.xcassets */; };
		E243FF1528AFD845008167D7 /* LaunchScreen.storyboard in Resources */ = {isa = PBXBuildFile; fileRef = E243FF1328AFD845008167D7 /* LaunchScreen.storyboard */; };
		E243FF1D28AFD8B1008167D7 /* words.json in Resources */ = {isa = PBXBuildFile; fileRef = E243FF1C28AFD8B1008167D7 /* words.json */; };
		E243FF2528AFD981008167D7 /* WordPair.swift in Sources */ = {isa = PBXBuildFile; fileRef = E243FF2428AFD981008167D7 /* WordPair.swift */; };
		E243FF2828AFDADF008167D7 /* WordGameViewController.swift in Sources */ = {isa = PBXBuildFile; fileRef = E243FF2628AFDADF008167D7 /* WordGameViewController.swift */; };
		E243FF2928AFDADF008167D7 /* WordGameViewController.xib in Resources */ = {isa = PBXBuildFile; fileRef = E243FF2728AFDADF008167D7 /* WordGameViewController.xib */; };
		E244AE2A28AFE02A00502DBB /* JSONLoader.swift in Sources */ = {isa = PBXBuildFile; fileRef = E244AE2928AFE02A00502DBB /* JSONLoader.swift */; };
		E244AE2D28B00B1500502DBB /* WordGameViewModel.swift in Sources */ = {isa = PBXBuildFile; fileRef = E244AE2C28B00B1500502DBB /* WordGameViewModel.swift */; };
		E244AE3028B252A300502DBB /* WordGameNavigator.swift in Sources */ = {isa = PBXBuildFile; fileRef = E244AE2F28B252A300502DBB /* WordGameNavigator.swift */; };
		E244AE3428B2536300502DBB /* UIViewController+Extension.swift in Sources */ = {isa = PBXBuildFile; fileRef = E244AE3328B2536300502DBB /* UIViewController+Extension.swift */; };
		E244AE3628B2563B00502DBB /* Navigator.swift in Sources */ = {isa = PBXBuildFile; fileRef = E244AE3528B2563B00502DBB /* Navigator.swift */; };
		E2AE4F8E28B3C6A8004C5A92 /* WordGameTests.swift in Sources */ = {isa = PBXBuildFile; fileRef = E2AE4F8D28B3C6A8004C5A92 /* WordGameTests.swift */; };
		E2AE4F9828B3CA12004C5A92 /* WordGameViewModelTest.swift in Sources */ = {isa = PBXBuildFile; fileRef = E2AE4F9728B3CA12004C5A92 /* WordGameViewModelTest.swift */; };
		E2AE4F9928B3CB21004C5A92 /* words.json in Resources */ = {isa = PBXBuildFile; fileRef = E243FF1C28AFD8B1008167D7 /* words.json */; };
		E2AE4F9B28B3CC3E004C5A92 /* XCTTest+Extension.swift in Sources */ = {isa = PBXBuildFile; fileRef = E2AE4F9A28B3CC3E004C5A92 /* XCTTest+Extension.swift */; };
/* End PBXBuildFile section */

/* Begin PBXContainerItemProxy section */
		E2AE4F8F28B3C6A8004C5A92 /* PBXContainerItemProxy */ = {
			isa = PBXContainerItemProxy;
			containerPortal = E243FEFD28AFD843008167D7 /* Project object */;
			proxyType = 1;
			remoteGlobalIDString = E243FF0428AFD843008167D7;
			remoteInfo = WordGame;
		};
/* End PBXContainerItemProxy section */

/* Begin PBXFileReference section */
		E243FF0528AFD843008167D7 /* WordGame.app */ = {isa = PBXFileReference; explicitFileType = wrapper.application; includeInIndex = 0; path = WordGame.app; sourceTree = BUILT_PRODUCTS_DIR; };
		E243FF0828AFD843008167D7 /* AppDelegate.swift */ = {isa = PBXFileReference; lastKnownFileType = sourcecode.swift; path = AppDelegate.swift; sourceTree = "<group>"; };
		E243FF0A28AFD843008167D7 /* SceneDelegate.swift */ = {isa = PBXFileReference; lastKnownFileType = sourcecode.swift; path = SceneDelegate.swift; sourceTree = "<group>"; };
		E243FF1128AFD845008167D7 /* Assets.xcassets */ = {isa = PBXFileReference; lastKnownFileType = folder.assetcatalog; path = Assets.xcassets; sourceTree = "<group>"; };
		E243FF1428AFD845008167D7 /* Base */ = {isa = PBXFileReference; lastKnownFileType = file.storyboard; name = Base; path = Base.lproj/LaunchScreen.storyboard; sourceTree = "<group>"; };
		E243FF1628AFD845008167D7 /* Info.plist */ = {isa = PBXFileReference; lastKnownFileType = text.plist.xml; path = Info.plist; sourceTree = "<group>"; };
		E243FF1C28AFD8B1008167D7 /* words.json */ = {isa = PBXFileReference; fileEncoding = 4; lastKnownFileType = text.json; path = words.json; sourceTree = "<group>"; };
		E243FF2428AFD981008167D7 /* WordPair.swift */ = {isa = PBXFileReference; lastKnownFileType = sourcecode.swift; path = WordPair.swift; sourceTree = "<group>"; };
		E243FF2628AFDADF008167D7 /* WordGameViewController.swift */ = {isa = PBXFileReference; lastKnownFileType = sourcecode.swift; path = WordGameViewController.swift; sourceTree = "<group>"; };
		E243FF2728AFDADF008167D7 /* WordGameViewController.xib */ = {isa = PBXFileReference; lastKnownFileType = file.xib; path = WordGameViewController.xib; sourceTree = "<group>"; };
		E244AE2928AFE02A00502DBB /* JSONLoader.swift */ = {isa = PBXFileReference; lastKnownFileType = sourcecode.swift; path = JSONLoader.swift; sourceTree = "<group>"; };
		E244AE2C28B00B1500502DBB /* WordGameViewModel.swift */ = {isa = PBXFileReference; lastKnownFileType = sourcecode.swift; path = WordGameViewModel.swift; sourceTree = "<group>"; };
		E244AE2F28B252A300502DBB /* WordGameNavigator.swift */ = {isa = PBXFileReference; lastKnownFileType = sourcecode.swift; path = WordGameNavigator.swift; sourceTree = "<group>"; };
		E244AE3328B2536300502DBB /* UIViewController+Extension.swift */ = {isa = PBXFileReference; lastKnownFileType = sourcecode.swift; path = "UIViewController+Extension.swift"; sourceTree = "<group>"; };
		E244AE3528B2563B00502DBB /* Navigator.swift */ = {isa = PBXFileReference; lastKnownFileType = sourcecode.swift; path = Navigator.swift; sourceTree = "<group>"; };
		E2AE4F8B28B3C6A8004C5A92 /* WordGameTests.xctest */ = {isa = PBXFileReference; explicitFileType = wrapper.cfbundle; includeInIndex = 0; path = WordGameTests.xctest; sourceTree = BUILT_PRODUCTS_DIR; };
		E2AE4F8D28B3C6A8004C5A92 /* WordGameTests.swift */ = {isa = PBXFileReference; lastKnownFileType = sourcecode.swift; path = WordGameTests.swift; sourceTree = "<group>"; };
		E2AE4F9728B3CA12004C5A92 /* WordGameViewModelTest.swift */ = {isa = PBXFileReference; lastKnownFileType = sourcecode.swift; path = WordGameViewModelTest.swift; sourceTree = "<group>"; };
		E2AE4F9A28B3CC3E004C5A92 /* XCTTest+Extension.swift */ = {isa = PBXFileReference; lastKnownFileType = sourcecode.swift; path = "XCTTest+Extension.swift"; sourceTree = "<group>"; };
/* End PBXFileReference section */

/* Begin PBXFrameworksBuildPhase section */
		E243FF0228AFD843008167D7 /* Frameworks */ = {
			isa = PBXFrameworksBuildPhase;
			buildActionMask = 2147483647;
			files = (
			);
			runOnlyForDeploymentPostprocessing = 0;
		};
		E2AE4F8828B3C6A8004C5A92 /* Frameworks */ = {
			isa = PBXFrameworksBuildPhase;
			buildActionMask = 2147483647;
			files = (
			);
			runOnlyForDeploymentPostprocessing = 0;
		};
/* End PBXFrameworksBuildPhase section */

/* Begin PBXGroup section */
		E243FEFC28AFD843008167D7 = {
			isa = PBXGroup;
			children = (
				E243FF0728AFD843008167D7 /* WordGame */,
				E2AE4F8C28B3C6A8004C5A92 /* WordGameTests */,
				E243FF0628AFD843008167D7 /* Products */,
			);
			sourceTree = "<group>";
		};
		E243FF0628AFD843008167D7 /* Products */ = {
			isa = PBXGroup;
			children = (
				E243FF0528AFD843008167D7 /* WordGame.app */,
				E2AE4F8B28B3C6A8004C5A92 /* WordGameTests.xctest */,
			);
			name = Products;
			sourceTree = "<group>";
		};
		E243FF0728AFD843008167D7 /* WordGame */ = {
			isa = PBXGroup;
			children = (
				E244AE2728AFE01A00502DBB /* Library */,
				E243FF2228AFD8EA008167D7 /* Storyboards */,
				E243FF1F28AFD8BD008167D7 /* Supporting Files */,
				E243FF1E28AFD8B8008167D7 /* Modules */,
			);
			path = WordGame;
			sourceTree = "<group>";
		};
		E243FF1E28AFD8B8008167D7 /* Modules */ = {
			isa = PBXGroup;
			children = (
				E243FF2028AFD8CB008167D7 /* Game */,
			);
			path = Modules;
			sourceTree = "<group>";
		};
		E243FF1F28AFD8BD008167D7 /* Supporting Files */ = {
			isa = PBXGroup;
			children = (
				E243FF1628AFD845008167D7 /* Info.plist */,
				E243FF1128AFD845008167D7 /* Assets.xcassets */,
				E243FF0828AFD843008167D7 /* AppDelegate.swift */,
				E243FF0A28AFD843008167D7 /* SceneDelegate.swift */,
			);
			path = "Supporting Files";
			sourceTree = "<group>";
		};
		E243FF2028AFD8CB008167D7 /* Game */ = {
			isa = PBXGroup;
			children = (
				E244AE2E28B2529400502DBB /* Coordinator */,
				E244AE2B28B00B0700502DBB /* ViewModel */,
				E243FF2328AFD975008167D7 /* Model */,
				E243FF2128AFD8D8008167D7 /* ViewController */,
			);
			path = Game;
			sourceTree = "<group>";
		};
		E243FF2128AFD8D8008167D7 /* ViewController */ = {
			isa = PBXGroup;
			children = (
				E243FF2628AFDADF008167D7 /* WordGameViewController.swift */,
				E243FF2728AFDADF008167D7 /* WordGameViewController.xib */,
			);
			path = ViewController;
			sourceTree = "<group>";
		};
		E243FF2228AFD8EA008167D7 /* Storyboards */ = {
			isa = PBXGroup;
			children = (
				E243FF1328AFD845008167D7 /* LaunchScreen.storyboard */,
			);
			path = Storyboards;
			sourceTree = "<group>";
		};
		E243FF2328AFD975008167D7 /* Model */ = {
			isa = PBXGroup;
			children = (
				E243FF1C28AFD8B1008167D7 /* words.json */,
				E243FF2428AFD981008167D7 /* WordPair.swift */,
			);
			path = Model;
			sourceTree = "<group>";
		};
		E244AE2728AFE01A00502DBB /* Library */ = {
			isa = PBXGroup;
			children = (
				E244AE2828AFE02200502DBB /* JSONLoader */,
				E244AE3328B2536300502DBB /* UIViewController+Extension.swift */,
				E244AE3528B2563B00502DBB /* Navigator.swift */,
			);
			path = Library;
			sourceTree = "<group>";
		};
		E244AE2828AFE02200502DBB /* JSONLoader */ = {
			isa = PBXGroup;
			children = (
				E244AE2928AFE02A00502DBB /* JSONLoader.swift */,
			);
			path = JSONLoader;
			sourceTree = "<group>";
		};
		E244AE2B28B00B0700502DBB /* ViewModel */ = {
			isa = PBXGroup;
			children = (
				E244AE2C28B00B1500502DBB /* WordGameViewModel.swift */,
			);
			path = ViewModel;
			sourceTree = "<group>";
		};
		E244AE2E28B2529400502DBB /* Coordinator */ = {
			isa = PBXGroup;
			children = (
				E244AE2F28B252A300502DBB /* WordGameNavigator.swift */,
			);
			path = Coordinator;
			sourceTree = "<group>";
		};
		E2AE4F8C28B3C6A8004C5A92 /* WordGameTests */ = {
			isa = PBXGroup;
			children = (
				E2AE4F9428B3C6CD004C5A92 /* Game */,
			);
			path = WordGameTests;
			sourceTree = "<group>";
		};
		E2AE4F9428B3C6CD004C5A92 /* Game */ = {
			isa = PBXGroup;
			children = (
				E2AE4F8D28B3C6A8004C5A92 /* WordGameTests.swift */,
				E2AE4F9728B3CA12004C5A92 /* WordGameViewModelTest.swift */,
				E2AE4F9A28B3CC3E004C5A92 /* XCTTest+Extension.swift */,
			);
			path = Game;
			sourceTree = "<group>";
		};
/* End PBXGroup section */

/* Begin PBXNativeTarget section */
		E243FF0428AFD843008167D7 /* WordGame */ = {
			isa = PBXNativeTarget;
			buildConfigurationList = E243FF1928AFD845008167D7 /* Build configuration list for PBXNativeTarget "WordGame" */;
			buildPhases = (
				E243FF0128AFD843008167D7 /* Sources */,
				E243FF0228AFD843008167D7 /* Frameworks */,
				E243FF0328AFD843008167D7 /* Resources */,
			);
			buildRules = (
			);
			dependencies = (
			);
			name = WordGame;
			productName = WordGame;
			productReference = E243FF0528AFD843008167D7 /* WordGame.app */;
			productType = "com.apple.product-type.application";
		};
		E2AE4F8A28B3C6A8004C5A92 /* WordGameTests */ = {
			isa = PBXNativeTarget;
			buildConfigurationList = E2AE4F9328B3C6A8004C5A92 /* Build configuration list for PBXNativeTarget "WordGameTests" */;
			buildPhases = (
				E2AE4F8728B3C6A8004C5A92 /* Sources */,
				E2AE4F8828B3C6A8004C5A92 /* Frameworks */,
				E2AE4F8928B3C6A8004C5A92 /* Resources */,
			);
			buildRules = (
			);
			dependencies = (
				E2AE4F9028B3C6A8004C5A92 /* PBXTargetDependency */,
			);
			name = WordGameTests;
			productName = WordGameTests;
			productReference = E2AE4F8B28B3C6A8004C5A92 /* WordGameTests.xctest */;
			productType = "com.apple.product-type.bundle.unit-test";
		};
/* End PBXNativeTarget section */

/* Begin PBXProject section */
		E243FEFD28AFD843008167D7 /* Project object */ = {
			isa = PBXProject;
			attributes = {
				BuildIndependentTargetsInParallel = 1;
				LastSwiftUpdateCheck = 1340;
				LastUpgradeCheck = 1340;
				TargetAttributes = {
					E243FF0428AFD843008167D7 = {
						CreatedOnToolsVersion = 13.4;
					};
					E2AE4F8A28B3C6A8004C5A92 = {
						CreatedOnToolsVersion = 13.4;
						TestTargetID = E243FF0428AFD843008167D7;
					};
				};
			};
			buildConfigurationList = E243FF0028AFD843008167D7 /* Build configuration list for PBXProject "WordGame" */;
			compatibilityVersion = "Xcode 13.0";
			developmentRegion = en;
			hasScannedForEncodings = 0;
			knownRegions = (
				en,
				Base,
			);
			mainGroup = E243FEFC28AFD843008167D7;
			productRefGroup = E243FF0628AFD843008167D7 /* Products */;
			projectDirPath = "";
			projectRoot = "";
			targets = (
				E243FF0428AFD843008167D7 /* WordGame */,
				E2AE4F8A28B3C6A8004C5A92 /* WordGameTests */,
			);
		};
/* End PBXProject section */

/* Begin PBXResourcesBuildPhase section */
		E243FF0328AFD843008167D7 /* Resources */ = {
			isa = PBXResourcesBuildPhase;
			buildActionMask = 2147483647;
			files = (
				E243FF1528AFD845008167D7 /* LaunchScreen.storyboard in Resources */,
				E243FF1D28AFD8B1008167D7 /* words.json in Resources */,
				E243FF2928AFDADF008167D7 /* WordGameViewController.xib in Resources */,
				E243FF1228AFD845008167D7 /* Assets.xcassets in Resources */,
			);
			runOnlyForDeploymentPostprocessing = 0;
		};
		E2AE4F8928B3C6A8004C5A92 /* Resources */ = {
			isa = PBXResourcesBuildPhase;
			buildActionMask = 2147483647;
			files = (
				E2AE4F9928B3CB21004C5A92 /* words.json in Resources */,
			);
			runOnlyForDeploymentPostprocessing = 0;
		};
/* End PBXResourcesBuildPhase section */

/* Begin PBXSourcesBuildPhase section */
		E243FF0128AFD843008167D7 /* Sources */ = {
			isa = PBXSourcesBuildPhase;
			buildActionMask = 2147483647;
			files = (
				E244AE3428B2536300502DBB /* UIViewController+Extension.swift in Sources */,
				E243FF2828AFDADF008167D7 /* WordGameViewController.swift in Sources */,
				E244AE3628B2563B00502DBB /* Navigator.swift in Sources */,
				E244AE2A28AFE02A00502DBB /* JSONLoader.swift in Sources */,
				E244AE3028B252A300502DBB /* WordGameNavigator.swift in Sources */,
				E243FF2528AFD981008167D7 /* WordPair.swift in Sources */,
				E243FF0928AFD843008167D7 /* AppDelegate.swift in Sources */,
				E244AE2D28B00B1500502DBB /* WordGameViewModel.swift in Sources */,
				E243FF0B28AFD843008167D7 /* SceneDelegate.swift in Sources */,
			);
			runOnlyForDeploymentPostprocessing = 0;
		};
		E2AE4F8728B3C6A8004C5A92 /* Sources */ = {
			isa = PBXSourcesBuildPhase;
			buildActionMask = 2147483647;
			files = (
				E2AE4F9828B3CA12004C5A92 /* WordGameViewModelTest.swift in Sources */,
				E2AE4F9B28B3CC3E004C5A92 /* XCTTest+Extension.swift in Sources */,
				E2AE4F8E28B3C6A8004C5A92 /* WordGameTests.swift in Sources */,
			);
			runOnlyForDeploymentPostprocessing = 0;
		};
/* End PBXSourcesBuildPhase section */

/* Begin PBXTargetDependency section */
		E2AE4F9028B3C6A8004C5A92 /* PBXTargetDependency */ = {
			isa = PBXTargetDependency;
			target = E243FF0428AFD843008167D7 /* WordGame */;
			targetProxy = E2AE4F8F28B3C6A8004C5A92 /* PBXContainerItemProxy */;
		};
/* End PBXTargetDependency section */

/* Begin PBXVariantGroup section */
		E243FF1328AFD845008167D7 /* LaunchScreen.storyboard */ = {
			isa = PBXVariantGroup;
			children = (
				E243FF1428AFD845008167D7 /* Base */,
			);
			name = LaunchScreen.storyboard;
			sourceTree = "<group>";
		};
/* End PBXVariantGroup section */

/* Begin XCBuildConfiguration section */
		E243FF1728AFD845008167D7 /* Debug */ = {
			isa = XCBuildConfiguration;
			buildSettings = {
				ALWAYS_SEARCH_USER_PATHS = NO;
				CLANG_ANALYZER_NONNULL = YES;
				CLANG_ANALYZER_NUMBER_OBJECT_CONVERSION = YES_AGGRESSIVE;
				CLANG_CXX_LANGUAGE_STANDARD = "gnu++17";
				CLANG_ENABLE_MODULES = YES;
				CLANG_ENABLE_OBJC_ARC = YES;
				CLANG_ENABLE_OBJC_WEAK = YES;
				CLANG_WARN_BLOCK_CAPTURE_AUTORELEASING = YES;
				CLANG_WARN_BOOL_CONVERSION = YES;
				CLANG_WARN_COMMA = YES;
				CLANG_WARN_CONSTANT_CONVERSION = YES;
				CLANG_WARN_DEPRECATED_OBJC_IMPLEMENTATIONS = YES;
				CLANG_WARN_DIRECT_OBJC_ISA_USAGE = YES_ERROR;
				CLANG_WARN_DOCUMENTATION_COMMENTS = YES;
				CLANG_WARN_EMPTY_BODY = YES;
				CLANG_WARN_ENUM_CONVERSION = YES;
				CLANG_WARN_INFINITE_RECURSION = YES;
				CLANG_WARN_INT_CONVERSION = YES;
				CLANG_WARN_NON_LITERAL_NULL_CONVERSION = YES;
				CLANG_WARN_OBJC_IMPLICIT_RETAIN_SELF = YES;
				CLANG_WARN_OBJC_LITERAL_CONVERSION = YES;
				CLANG_WARN_OBJC_ROOT_CLASS = YES_ERROR;
				CLANG_WARN_QUOTED_INCLUDE_IN_FRAMEWORK_HEADER = YES;
				CLANG_WARN_RANGE_LOOP_ANALYSIS = YES;
				CLANG_WARN_STRICT_PROTOTYPES = YES;
				CLANG_WARN_SUSPICIOUS_MOVE = YES;
				CLANG_WARN_UNGUARDED_AVAILABILITY = YES_AGGRESSIVE;
				CLANG_WARN_UNREACHABLE_CODE = YES;
				CLANG_WARN__DUPLICATE_METHOD_MATCH = YES;
				COPY_PHASE_STRIP = NO;
				DEBUG_INFORMATION_FORMAT = dwarf;
				ENABLE_STRICT_OBJC_MSGSEND = YES;
				ENABLE_TESTABILITY = YES;
				GCC_C_LANGUAGE_STANDARD = gnu11;
				GCC_DYNAMIC_NO_PIC = NO;
				GCC_NO_COMMON_BLOCKS = YES;
				GCC_OPTIMIZATION_LEVEL = 0;
				GCC_PREPROCESSOR_DEFINITIONS = (
					"DEBUG=1",
					"$(inherited)",
				);
				GCC_WARN_64_TO_32_BIT_CONVERSION = YES;
				GCC_WARN_ABOUT_RETURN_TYPE = YES_ERROR;
				GCC_WARN_UNDECLARED_SELECTOR = YES;
				GCC_WARN_UNINITIALIZED_AUTOS = YES_AGGRESSIVE;
				GCC_WARN_UNUSED_FUNCTION = YES;
				GCC_WARN_UNUSED_VARIABLE = YES;
				IPHONEOS_DEPLOYMENT_TARGET = 15.5;
				MTL_ENABLE_DEBUG_INFO = INCLUDE_SOURCE;
				MTL_FAST_MATH = YES;
				ONLY_ACTIVE_ARCH = YES;
				SDKROOT = iphoneos;
				SWIFT_ACTIVE_COMPILATION_CONDITIONS = DEBUG;
				SWIFT_OPTIMIZATION_LEVEL = "-Onone";
			};
			name = Debug;
		};
		E243FF1828AFD845008167D7 /* Release */ = {
			isa = XCBuildConfiguration;
			buildSettings = {
				ALWAYS_SEARCH_USER_PATHS = NO;
				CLANG_ANALYZER_NONNULL = YES;
				CLANG_ANALYZER_NUMBER_OBJECT_CONVERSION = YES_AGGRESSIVE;
				CLANG_CXX_LANGUAGE_STANDARD = "gnu++17";
				CLANG_ENABLE_MODULES = YES;
				CLANG_ENABLE_OBJC_ARC = YES;
				CLANG_ENABLE_OBJC_WEAK = YES;
				CLANG_WARN_BLOCK_CAPTURE_AUTORELEASING = YES;
				CLANG_WARN_BOOL_CONVERSION = YES;
				CLANG_WARN_COMMA = YES;
				CLANG_WARN_CONSTANT_CONVERSION = YES;
				CLANG_WARN_DEPRECATED_OBJC_IMPLEMENTATIONS = YES;
				CLANG_WARN_DIRECT_OBJC_ISA_USAGE = YES_ERROR;
				CLANG_WARN_DOCUMENTATION_COMMENTS = YES;
				CLANG_WARN_EMPTY_BODY = YES;
				CLANG_WARN_ENUM_CONVERSION = YES;
				CLANG_WARN_INFINITE_RECURSION = YES;
				CLANG_WARN_INT_CONVERSION = YES;
				CLANG_WARN_NON_LITERAL_NULL_CONVERSION = YES;
				CLANG_WARN_OBJC_IMPLICIT_RETAIN_SELF = YES;
				CLANG_WARN_OBJC_LITERAL_CONVERSION = YES;
				CLANG_WARN_OBJC_ROOT_CLASS = YES_ERROR;
				CLANG_WARN_QUOTED_INCLUDE_IN_FRAMEWORK_HEADER = YES;
				CLANG_WARN_RANGE_LOOP_ANALYSIS = YES;
				CLANG_WARN_STRICT_PROTOTYPES = YES;
				CLANG_WARN_SUSPICIOUS_MOVE = YES;
				CLANG_WARN_UNGUARDED_AVAILABILITY = YES_AGGRESSIVE;
				CLANG_WARN_UNREACHABLE_CODE = YES;
				CLANG_WARN__DUPLICATE_METHOD_MATCH = YES;
				COPY_PHASE_STRIP = NO;
				DEBUG_INFORMATION_FORMAT = "dwarf-with-dsym";
				ENABLE_NS_ASSERTIONS = NO;
				ENABLE_STRICT_OBJC_MSGSEND = YES;
				GCC_C_LANGUAGE_STANDARD = gnu11;
				GCC_NO_COMMON_BLOCKS = YES;
				GCC_WARN_64_TO_32_BIT_CONVERSION = YES;
				GCC_WARN_ABOUT_RETURN_TYPE = YES_ERROR;
				GCC_WARN_UNDECLARED_SELECTOR = YES;
				GCC_WARN_UNINITIALIZED_AUTOS = YES_AGGRESSIVE;
				GCC_WARN_UNUSED_FUNCTION = YES;
				GCC_WARN_UNUSED_VARIABLE = YES;
				IPHONEOS_DEPLOYMENT_TARGET = 15.5;
				MTL_ENABLE_DEBUG_INFO = NO;
				MTL_FAST_MATH = YES;
				SDKROOT = iphoneos;
				SWIFT_COMPILATION_MODE = wholemodule;
				SWIFT_OPTIMIZATION_LEVEL = "-O";
				VALIDATE_PRODUCT = YES;
			};
			name = Release;
		};
		E243FF1A28AFD845008167D7 /* Debug */ = {
			isa = XCBuildConfiguration;
			buildSettings = {
				ASSETCATALOG_COMPILER_APPICON_NAME = AppIcon;
				ASSETCATALOG_COMPILER_GLOBAL_ACCENT_COLOR_NAME = AccentColor;
				CODE_SIGN_STYLE = Automatic;
				CURRENT_PROJECT_VERSION = 1;
				DEVELOPMENT_TEAM = 54HDDP27D9;
				GENERATE_INFOPLIST_FILE = YES;
				INFOPLIST_FILE = "WordGame/Supporting Files/Info.plist";
				INFOPLIST_KEY_UIApplicationSupportsIndirectInputEvents = YES;
				INFOPLIST_KEY_UILaunchStoryboardName = LaunchScreen;
				INFOPLIST_KEY_UISupportedInterfaceOrientations_iPad = "UIInterfaceOrientationPortrait UIInterfaceOrientationPortraitUpsideDown UIInterfaceOrientationLandscapeLeft UIInterfaceOrientationLandscapeRight";
				INFOPLIST_KEY_UISupportedInterfaceOrientations_iPhone = "UIInterfaceOrientationPortrait UIInterfaceOrientationLandscapeLeft UIInterfaceOrientationLandscapeRight";
				LD_RUNPATH_SEARCH_PATHS = (
					"$(inherited)",
					"@executable_path/Frameworks",
				);
				MARKETING_VERSION = 1.0;
				PRODUCT_BUNDLE_IDENTIFIER = com.erfan.WordGame;
				PRODUCT_NAME = "$(TARGET_NAME)";
				SWIFT_EMIT_LOC_STRINGS = YES;
				SWIFT_VERSION = 5.0;
				TARGETED_DEVICE_FAMILY = "1,2";
			};
			name = Debug;
		};
		E243FF1B28AFD845008167D7 /* Release */ = {
			isa = XCBuildConfiguration;
			buildSettings = {
				ASSETCATALOG_COMPILER_APPICON_NAME = AppIcon;
				ASSETCATALOG_COMPILER_GLOBAL_ACCENT_COLOR_NAME = AccentColor;
				CODE_SIGN_STYLE = Automatic;
				CURRENT_PROJECT_VERSION = 1;
				DEVELOPMENT_TEAM = 54HDDP27D9;
				GENERATE_INFOPLIST_FILE = YES;
				INFOPLIST_FILE = "WordGame/Supporting Files/Info.plist";
				INFOPLIST_KEY_UIApplicationSupportsIndirectInputEvents = YES;
				INFOPLIST_KEY_UILaunchStoryboardName = LaunchScreen;
				INFOPLIST_KEY_UISupportedInterfaceOrientations_iPad = "UIInterfaceOrientationPortrait UIInterfaceOrientationPortraitUpsideDown UIInterfaceOrientationLandscapeLeft UIInterfaceOrientationLandscapeRight";
				INFOPLIST_KEY_UISupportedInterfaceOrientations_iPhone = "UIInterfaceOrientationPortrait UIInterfaceOrientationLandscapeLeft UIInterfaceOrientationLandscapeRight";
				LD_RUNPATH_SEARCH_PATHS = (
					"$(inherited)",
					"@executable_path/Frameworks",
				);
				MARKETING_VERSION = 1.0;
				PRODUCT_BUNDLE_IDENTIFIER = com.erfan.WordGame;
				PRODUCT_NAME = "$(TARGET_NAME)";
				SWIFT_EMIT_LOC_STRINGS = YES;
				SWIFT_VERSION = 5.0;
				TARGETED_DEVICE_FAMILY = "1,2";
			};
			name = Release;
		};
		E2AE4F9128B3C6A8004C5A92 /* Debug */ = {
			isa = XCBuildConfiguration;
			buildSettings = {
				BUNDLE_LOADER = "$(TEST_HOST)";
				CODE_SIGN_STYLE = Automatic;
				CURRENT_PROJECT_VERSION = 1;
				DEVELOPMENT_TEAM = 54HDDP27D9;
				GENERATE_INFOPLIST_FILE = YES;
				MARKETING_VERSION = 1.0;
				PRODUCT_BUNDLE_IDENTIFIER = com.erfan.WordGameTests;
				PRODUCT_NAME = "$(TARGET_NAME)";
				SWIFT_EMIT_LOC_STRINGS = NO;
				SWIFT_VERSION = 5.0;
				TARGETED_DEVICE_FAMILY = "1,2";
				TEST_HOST = "$(BUILT_PRODUCTS_DIR)/WordGame.app/WordGame";
			};
			name = Debug;
		};
		E2AE4F9228B3C6A8004C5A92 /* Release */ = {
			isa = XCBuildConfiguration;
			buildSettings = {
				BUNDLE_LOADER = "$(TEST_HOST)";
				CODE_SIGN_STYLE = Automatic;
				CURRENT_PROJECT_VERSION = 1;
				DEVELOPMENT_TEAM = 54HDDP27D9;
				GENERATE_INFOPLIST_FILE = YES;
				MARKETING_VERSION = 1.0;
				PRODUCT_BUNDLE_IDENTIFIER = com.erfan.WordGameTests;
				PRODUCT_NAME = "$(TARGET_NAME)";
				SWIFT_EMIT_LOC_STRINGS = NO;
				SWIFT_VERSION = 5.0;
				TARGETED_DEVICE_FAMILY = "1,2";
				TEST_HOST = "$(BUILT_PRODUCTS_DIR)/WordGame.app/WordGame";
			};
			name = Release;
		};
/* End XCBuildConfiguration section */

/* Begin XCConfigurationList section */
		E243FF0028AFD843008167D7 /* Build configuration list for PBXProject "WordGame" */ = {
			isa = XCConfigurationList;
			buildConfigurations = (
				E243FF1728AFD845008167D7 /* Debug */,
				E243FF1828AFD845008167D7 /* Release */,
			);
			defaultConfigurationIsVisible = 0;
			defaultConfigurationName = Release;
		};
		E243FF1928AFD845008167D7 /* Build configuration list for PBXNativeTarget "WordGame" */ = {
			isa = XCConfigurationList;
			buildConfigurations = (
				E243FF1A28AFD845008167D7 /* Debug */,
				E243FF1B28AFD845008167D7 /* Release */,
			);
			defaultConfigurationIsVisible = 0;
			defaultConfigurationName = Release;
		};
		E2AE4F9328B3C6A8004C5A92 /* Build configuration list for PBXNativeTarget "WordGameTests" */ = {
			isa = XCConfigurationList;
			buildConfigurations = (
				E2AE4F9128B3C6A8004C5A92 /* Debug */,
				E2AE4F9228B3C6A8004C5A92 /* Release */,
			);
			defaultConfigurationIsVisible = 0;
			defaultConfigurationName = Release;
		};
/* End XCConfigurationList section */
	};
	rootObject = E243FEFD28AFD843008167D7 /* Project object */;
}
